git.smesh.lol/actor v0.2.0 h1:7oF7Iw7fKqD2A9q8BAYnEz443LCU2DVI9xsHk1k8VTQ=
git.smesh.lol/actor v0.2.0/go.mod h1:VThKHbbrZ/cgTywcU8mPAXxmik19Rw1i0RTYZ7Inc5c=
git.smesh.lol/orly v0.65.60 h1:BFJXAMqAt4Z/PJJTP+6xHxboIy5mSrYm+US5VGD1NKY=
git.smesh.lol/orly v0.65.60/go.mod h1:8Ow9RFTgsDPd3NzuPU5ioSEcDUbbfubbkLM5drJAYfA=
github.com/davecgh/go-spew v1.1.2-0.20180830191138-d8f796af33cc h1:U9qPSI2PIWSS1VwoXQT9A3Wy9MM3WgvqSxFWenqJduM=
github.com/davecgh/go-spew v1.1.2-0.20180830191138-d8f796af33cc/go.mod h1:J7Y8YcW2NihsgmVo/mv3lAwl/skON4iLHjSsI+c5H38=
github.com/ebitengine/purego v0.9.1 h1:a/k2f2HQU3Pi399RPW1MOaZyhKJL9w/xFpKAg4q1s0A=
github.com/ebitengine/purego v0.9.1/go.mod h1:iIjxzd6CiRiOG0UyXP+V1+jWqUXVjPKLAI0mRfJZTmQ=
github.com/gorilla/websocket v1.5.3 h1:saDtZ6Pbx/0u+bgYQ3q96pZgCzfhKXGPqt7kZ72aNNg=
github.com/gorilla/websocket v1.5.3/go.mod h1:YR8l580nyteQvAITg2hZ9XVh4b55+EU/adAjf1fMHhE=
github.com/klauspost/cpuid/v2 v2.3.0 h1:S4CRMLnYUhGeDFDqkGriYKdfoFlDnMtqTiI/sFzhA9Y=
github.com/klauspost/cpuid/v2 v2.3.0/go.mod h1:hqwkgyIinND0mEev00jJYCxPNVRVXFQeu1XKlok6oO0=
github.com/minio/sha256-simd v1.0.1 h1:6kaan5IFmwTNynnKKpDHe6FWHohJOHhCPchzK49dzMM=
github.com/minio/sha256-simd v1.0.1/go.mod h1:Pz6AKMiUdngCLpeTL/RJY1M9rUuPMYujV5xJjtbRSN8=
github.com/pmezard/go-difflib v1.0.1-0.20181226105442-5d4384ee4fb2 h1:Jamvg5psRIccs7FGNTlIRMkT8wgtp5eCXdBlqhYGL6U=
github.com/pmezard/go-difflib v1.0.1-0.20181226105442-5d4384ee4fb2/go.mod h1:iKH77koFhYxTK1pcRnkKkqfTogsbg7gZNVY4sRDYZ/4=
github.com/stretchr/testify v1.11.1 h1:7s2iGBzp5EwR7/aIZr8ao5+dra3wiQyKjjFuvgVKu7U=
github.com/stretchr/testify v1.11.1/go.mod h1:wZwfW3scLgRK+23gO65QZefKpKQRnfz6sD981Nm4B6U=
github.com/templexxx/cpu v0.0.1/go.mod h1:w7Tb+7qgcAlIyX4NhLuDKt78AHA5SzPmq0Wj6HiEnnk=
github.com/templexxx/cpu v0.1.1 h1:isxHaxBXpYFWnk2DReuKkigaZyrjs2+9ypIdGP4h+HI=
github.com/templexxx/cpu v0.1.1/go.mod h1:w7Tb+7qgcAlIyX4NhLuDKt78AHA5SzPmq0Wj6HiEnnk=
github.com/templexxx/xhex v0.0.0-20200614015412-aed53437177b h1:XeDLE6c9mzHpdv3Wb1+pWBaWv/BlHK0ZYIu/KaL6eHg=
github.com/templexxx/xhex v0.0.0-20200614015412-aed53437177b/go.mod h1:7rwmCH0wC2fQvNEvPZ3sKXukhyCTyiaZ5VTZMQYpZKQ=
golang.org/x/exp v0.0.0-20251209150349-8475f28825e9 h1:MDfG8Cvcqlt9XXrmEiD4epKn7VJHZO84hejP9Jmp0MM=
golang.org/x/exp v0.0.0-20251209150349-8475f28825e9/go.mod h1:EPRbTFwzwjXj9NpYyyrvenVh9Y+GFeEvMNh7Xuz7xgU=
golang.org/x/net v0.49.0 h1:eeHFmOGUTtaaPSGNmjBKpbng9MulQsJURQUAfUwY++o=
golang.org/x/net v0.49.0/go.mod h1:/ysNB2EvaqvesRkuLAyjI1ycPZlQHM3q01F02UY/MV8=
golang.org/x/sys v0.41.0 h1:Ivj+2Cp/ylzLiEU89QhWblYnOE9zerudt9Ftecq2C6k=
golang.org/x/sys v0.41.0/go.mod h1:OgkHotnGiDImocRcuBABYBEXf8A9a87e/uXjp9XT3ks=
gopkg.in/yaml.v3 v3.0.1 h1:fxVm/GzAzEWqLHuvctI91KS9hhNmmWOoWu0XTYJS7CA=
gopkg.in/yaml.v3 v3.0.1/go.mod h1:K4uyk7z7BCEPqu6E+C64Yfv1cQ7kz7rIZviUmN+EgEM=
lukechampine.com/frand v1.5.1 h1:fg0eRtdmGFIxhP5zQJzM1lFDbD6CUfu/f+7WgAZd5/w=
lukechampine.com/frand v1.5.1/go.mod h1:4VstaWc2plN4Mjr10chUD46RAVGWhpkZ5Nja8+Azp0Q=
